
Microsoft Visual Studio Solution File, Format Version 12.00
# Visual Studio 15
VisualStudioVersion = 15.0.27703.2042
MinimumVisualStudioVersion = 10.0.40219.1
Project("{FAE04EC0-301F-11D3-BF4B-00C04F79EFBC}") = "StahrDar", "StahrDar\StahrDar.csproj", "{32B4C431-5C99-48CD-9F00-4A40939172FB}"
EndProject
Global
	GlobalSection(SolutionConfigurationPlatforms) = preSolution
		Debug|Any CPU = Debug|Any CPU
		Release|Any CPU = Release|Any CPU
	EndGlobalSection
	GlobalSection(ProjectConfigurationPlatforms) = postSolution
		{32B4C431-5C99-48CD-9F00-4A40939172FB}.Debug|Any CPU.ActiveCfg = Debug|Any CPU
		{32B4C431-5C99-48CD-9F00-4A40939172FB}.Debug|Any CPU.Build.0 = Debug|Any CPU
		{32B4C431-5C99-48CD-9F00-4A40939172FB}.Release|Any CPU.ActiveCfg = Release|Any CPU
		{32B4C431-5C99-48CD-9F00-4A40939172FB}.Release|Any CPU.Build.0 = Release|Any CPU
	EndGlobalSection
	GlobalSection(SolutionProperties) = preSolution
		HideSolutionNode = FALSE
	EndGlobalSection
	GlobalSection(ExtensibilityGlobals) = postSolution
		SolutionGuid = {9C0F1776-BBC5-4494-AC8C-5AF9D7563E60}
	EndGlobalSection
EndGlobal
